
Microsoft Visual Studio Solution File, Format Version 12.00
# Visual Studio Version 17
VisualStudioVersion = 17.7.34221.43
MinimumVisualStudioVersion = 10.0.40219.1
Project("{FAE04EC0-301F-11D3-BF4B-00C04F79EFBC}") = "HAFlowers", "HAFlowers\HAFlowers.csproj", "{F85A75B3-5944-46AC-9BAE-A6500E18E185}"
EndProject
Global
	GlobalSection(SolutionConfigurationPlatforms) = preSolution
		Debug|Any CPU = Debug|Any CPU
		Release|Any CPU = Release|Any CPU
	EndGlobalSection
	GlobalSection(ProjectConfigurationPlatforms) = postSolution
		{F85A75B3-5944-46AC-9BAE-A6500E18E185}.Debug|Any CPU.ActiveCfg = Debug|Any CPU
		{F85A75B3-5944-46AC-9BAE-A6500E18E185}.Debug|Any CPU.Build.0 = Debug|Any CPU
		{F85A75B3-5944-46AC-9BAE-A6500E18E185}.Release|Any CPU.ActiveCfg = Release|Any CPU
		{F85A75B3-5944-46AC-9BAE-A6500E18E185}.Release|Any CPU.Build.0 = Release|Any CPU
	EndGlobalSection
	GlobalSection(SolutionProperties) = preSolution
		HideSolutionNode = FALSE
	EndGlobalSection
	GlobalSection(ExtensibilityGlobals) = postSolution
		SolutionGuid = {C11D8E00-50E4-4600-9ABA-7DE60E0FF97F}
	EndGlobalSection
EndGlobal
